
Microsoft Visual Studio Solution File, Format Version 12.00
# Visual Studio Version 16
VisualStudioVersion = 16.0.32002.261
MinimumVisualStudioVersion = 10.0.40219.1
Project("{9A19103F-16F7-4668-BE54-9A1E7A4F7556}") = "Generic Collection", "Generic Collection\Generic Collection.csproj", "{9CCC4803-9358-4FCC-8FB1-9B32B7A1DBE0}"
EndProject
Project("{FAE04EC0-301F-11D3-BF4B-00C04F79EFBC}") = "ObservableCollections", "ObservableCollections\ObservableCollections.csproj", "{03ABF0D1-CABD-4EFD-998B-1CF00E99F4E9}"
EndProject
Project("{FAE04EC0-301F-11D3-BF4B-00C04F79EFBC}") = "CustomGenericMethods", "CustomGenericMethods\CustomGenericMethods.csproj", "{9CF3E09E-5E73-4260-94EA-6E9B05F04A9A}"
EndProject
Global
	GlobalSection(SolutionConfigurationPlatforms) = preSolution
		Debug|Any CPU = Debug|Any CPU
		Release|Any CPU = Release|Any CPU
	EndGlobalSection
	GlobalSection(ProjectConfigurationPlatforms) = postSolution
		{9CCC4803-9358-4FCC-8FB1-9B32B7A1DBE0}.Debug|Any CPU.ActiveCfg = Debug|Any CPU
		{9CCC4803-9358-4FCC-8FB1-9B32B7A1DBE0}.Debug|Any CPU.Build.0 = Debug|Any CPU
		{9CCC4803-9358-4FCC-8FB1-9B32B7A1DBE0}.Release|Any CPU.ActiveCfg = Release|Any CPU
		{9CCC4803-9358-4FCC-8FB1-9B32B7A1DBE0}.Release|Any CPU.Build.0 = Release|Any CPU
		{03ABF0D1-CABD-4EFD-998B-1CF00E99F4E9}.Debug|Any CPU.ActiveCfg = Debug|Any CPU
		{03ABF0D1-CABD-4EFD-998B-1CF00E99F4E9}.Debug|Any CPU.Build.0 = Debug|Any CPU
		{03ABF0D1-CABD-4EFD-998B-1CF00E99F4E9}.Release|Any CPU.ActiveCfg = Release|Any CPU
		{03ABF0D1-CABD-4EFD-998B-1CF00E99F4E9}.Release|Any CPU.Build.0 = Release|Any CPU
		{9CF3E09E-5E73-4260-94EA-6E9B05F04A9A}.Debug|Any CPU.ActiveCfg = Debug|Any CPU
		{9CF3E09E-5E73-4260-94EA-6E9B05F04A9A}.Debug|Any CPU.Build.0 = Debug|Any CPU
		{9CF3E09E-5E73-4260-94EA-6E9B05F04A9A}.Release|Any CPU.ActiveCfg = Release|Any CPU
		{9CF3E09E-5E73-4260-94EA-6E9B05F04A9A}.Release|Any CPU.Build.0 = Release|Any CPU
	EndGlobalSection
	GlobalSection(SolutionProperties) = preSolution
		HideSolutionNode = FALSE
	EndGlobalSection
	GlobalSection(ExtensibilityGlobals) = postSolution
		SolutionGuid = {142189E2-F0B6-467B-A2F6-07472276E573}
	EndGlobalSection
EndGlobal
